
Microsoft Visual Studio Solution File, Format Version 12.00
# Visual Studio Version 16
VisualStudioVersion = 16.0.31624.102
MinimumVisualStudioVersion = 10.0.40219.1
Project("{8BC9CEB8-8B4A-11D0-8D11-00A0C91BC942}") = "TestFFmpeg", "TestFFmpeg\TestFFmpeg.vcxproj", "{8F693AB0-A0AB-4BBD-8910-A556F95E8209}"
EndProject
Global
	GlobalSection(SolutionConfigurationPlatforms) = preSolution
		Debug|x64 = Debug|x64
		Debug|x86 = Debug|x86
		Release|x64 = Release|x64
		Release|x86 = Release|x86
	EndGlobalSection
	GlobalSection(ProjectConfigurationPlatforms) = postSolution
		{8F693AB0-A0AB-4BBD-8910-A556F95E8209}.Debug|x64.ActiveCfg = Debug|x64
		{8F693AB0-A0AB-4BBD-8910-A556F95E8209}.Debug|x64.Build.0 = Debug|x64
		{8F693AB0-A0AB-4BBD-8910-A556F95E8209}.Debug|x86.ActiveCfg = Debug|Win32
		{8F693AB0-A0AB-4BBD-8910-A556F95E8209}.Debug|x86.Build.0 = Debug|Win32
		{8F693AB0-A0AB-4BBD-8910-A556F95E8209}.Release|x64.ActiveCfg = Release|x64
		{8F693AB0-A0AB-4BBD-8910-A556F95E8209}.Release|x64.Build.0 = Release|x64
		{8F693AB0-A0AB-4BBD-8910-A556F95E8209}.Release|x86.ActiveCfg = Release|Win32
		{8F693AB0-A0AB-4BBD-8910-A556F95E8209}.Release|x86.Build.0 = Release|Win32
	EndGlobalSection
	GlobalSection(SolutionProperties) = preSolution
		HideSolutionNode = FALSE
	EndGlobalSection
	GlobalSection(ExtensibilityGlobals) = postSolution
		SolutionGuid = {40028456-099C-4186-A3BB-5BE9BD087698}
	EndGlobalSection
EndGlobal
